
Microsoft Visual Studio Solution File, Format Version 12.00
# Visual Studio Version 17
VisualStudioVersion = 17.14.36301.6 d17.14
MinimumVisualStudioVersion = 10.0.40219.1
Project("{FAE04EC0-301F-11D3-BF4B-00C04F79EFBC}") = "RJCP.Sandcastle.Plugin.HelpId", "RJCP.Sandcastle.Plugin\HelpId\RJCP.Sandcastle.Plugin.HelpId.csproj", "{A76091E5-6D02-4B17-AFA7-B4C20C6766F5}"
EndProject
Global
	GlobalSection(SolutionConfigurationPlatforms) = preSolution
		Debug|Any CPU = Debug|Any CPU
		Release|Any CPU = Release|Any CPU
	EndGlobalSection
	GlobalSection(ProjectConfigurationPlatforms) = postSolution
		{A76091E5-6D02-4B17-AFA7-B4C20C6766F5}.Debug|Any CPU.ActiveCfg = Debug|Any CPU
		{A76091E5-6D02-4B17-AFA7-B4C20C6766F5}.Debug|Any CPU.Build.0 = Debug|Any CPU
		{A76091E5-6D02-4B17-AFA7-B4C20C6766F5}.Release|Any CPU.ActiveCfg = Release|Any CPU
		{A76091E5-6D02-4B17-AFA7-B4C20C6766F5}.Release|Any CPU.Build.0 = Release|Any CPU
	EndGlobalSection
	GlobalSection(SolutionProperties) = preSolution
		HideSolutionNode = FALSE
	EndGlobalSection
	GlobalSection(ExtensibilityGlobals) = postSolution
		SolutionGuid = {20586DA4-75E3-444E-AD09-1A0DC57D5780}
	EndGlobalSection
EndGlobal
