
Microsoft Visual Studio Solution File, Format Version 12.00
# Visual Studio Version 16
VisualStudioVersion = 16.0.30114.105
MinimumVisualStudioVersion = 10.0.40219.1
Project("{2150E333-8FDC-42A3-9474-1A3956D46DE8}") = "RJCP.Framework", "RJCP.Framework", "{CA4E6C8A-5D80-4E34-A3F6-22F25E539457}"
EndProject
Project("{2150E333-8FDC-42A3-9474-1A3956D46DE8}") = "RJCP.CodeQuality", "RJCP.CodeQuality", "{4DA4C0A9-03F0-4B95-B363-DD0443FA41F0}"
EndProject
Project("{9A19103F-16F7-4668-BE54-9A1E7A4F7556}") = "RJCP.CodeQuality", "framework\nunitextensions\CodeQuality\RJCP.CodeQuality.csproj", "{845F5157-F3B9-49A5-BA8A-67FEC53CB3EE}"
EndProject
Project("{9A19103F-16F7-4668-BE54-9A1E7A4F7556}") = "RJCP.CodeQualityTest", "framework\nunitextensions\CodeQualityTest\RJCP.CodeQualityTest.csproj", "{9BF5B407-1012-4787-BAF6-D5689FC7EACE}"
EndProject
Project("{2150E333-8FDC-42A3-9474-1A3956D46DE8}") = "RJCP.Core.Datastructures", "RJCP.Core.Datastructures", "{8DE50B9A-8330-42BD-8319-B68FAF55393C}"
EndProject
Project("{9A19103F-16F7-4668-BE54-9A1E7A4F7556}") = "RJCP.Core.Datastructures", "framework\datastructures\Datastructures\RJCP.Core.Datastructures.csproj", "{CDA4DCF9-D0F1-4445-AC04-8B14736BD3ED}"
EndProject
Project("{9A19103F-16F7-4668-BE54-9A1E7A4F7556}") = "RJCP.Core.DatastructuresTest", "framework\datastructures\DatastructuresTest\RJCP.Core.DatastructuresTest.csproj", "{650D4E57-7581-4DC4-8C41-43C10FDCED09}"
EndProject
Project("{2150E333-8FDC-42A3-9474-1A3956D46DE8}") = "RJCP.Core.Text", "RJCP.Core.Text", "{92DA0F07-A356-41B5-9417-34A5D06CC77E}"
EndProject
Project("{9A19103F-16F7-4668-BE54-9A1E7A4F7556}") = "RJCP.Core.Text", "framework\textutils\code\RJCP.Core.Text.csproj", "{DF685E7C-56CB-4E3E-AC2A-E3975C7735FD}"
EndProject
Project("{9A19103F-16F7-4668-BE54-9A1E7A4F7556}") = "RJCP.Core.TextTest", "framework\textutils\test\RJCP.Core.TextTest.csproj", "{2EF7D41D-4AB5-458A-BB1E-838BEBD04ABB}"
EndProject
Project("{2150E333-8FDC-42A3-9474-1A3956D46DE8}") = "RJCP.Core.Xml", "RJCP.Core.Xml", "{1C60E59E-AF61-4C72-BFA7-A46270A3A38D}"
EndProject
Project("{9A19103F-16F7-4668-BE54-9A1E7A4F7556}") = "RJCP.Core.Xml", "framework\xml\Xml\RJCP.Core.Xml.csproj", "{D36B49A5-2001-4AD1-BE42-D93779F8236E}"
EndProject
Project("{9A19103F-16F7-4668-BE54-9A1E7A4F7556}") = "RJCP.Core.XmlTest", "framework\xml\XmlTest\RJCP.Core.XmlTest.csproj", "{AB0B40B6-46E1-41C8-BC40-B2F31D3F4238}"
EndProject
Project("{2150E333-8FDC-42A3-9474-1A3956D46DE8}") = "RJCP.IO.VolumeDeviceInfo", "RJCP.IO.VolumeDeviceInfo", "{B4D49859-3640-4AE6-B628-FD63F8A0179E}"
EndProject
Project("{9A19103F-16F7-4668-BE54-9A1E7A4F7556}") = "RJCP.IO.VolumeDeviceInfo", "framework\volumedevinfo\VolumeDeviceInfo\RJCP.IO.VolumeDeviceInfo.csproj", "{E2D9F347-D53C-4CFA-A95F-2C15999CC248}"
EndProject
Project("{9A19103F-16F7-4668-BE54-9A1E7A4F7556}") = "RJCP.IO.VolumeDeviceInfoTest", "framework\volumedevinfo\VolumeDeviceInfoTest\RJCP.IO.VolumeDeviceInfoTest.csproj", "{D5A276DD-081B-4D83-9B9E-DDE1EA9D5A83}"
EndProject
Project("{2150E333-8FDC-42A3-9474-1A3956D46DE8}") = "Tools", "Tools", "{AF25FDA1-5A2B-4B33-935D-8A3EBCBB5377}"
EndProject
Project("{9A19103F-16F7-4668-BE54-9A1E7A4F7556}") = "VolumeInfo", "framework\volumedevinfo\VolumeInfo\VolumeInfo.csproj", "{ACEB6883-F726-4993-8C29-00F91339DDD8}"
EndProject
Project("{2150E333-8FDC-42A3-9474-1A3956D46DE8}") = "RJCP.Core.CommandLine", "RJCP.Core.CommandLine", "{FDCE3EDA-3618-4EE1-BFB0-2B12FF1D8914}"
EndProject
Project("{9A19103F-16F7-4668-BE54-9A1E7A4F7556}") = "RJCP.Core.CommandLine", "framework\commandline\code\RJCP.Core.CommandLine.csproj", "{CFF448F8-9F96-47C4-BFC7-50AC2D886432}"
EndProject
Project("{9A19103F-16F7-4668-BE54-9A1E7A4F7556}") = "RJCP.Core.CommandLineTest", "framework\commandline\test\RJCP.Core.CommandLineTest.csproj", "{83E981D9-D9D8-4E5E-87E1-E0453EA0A63E}"
EndProject
Project("{2150E333-8FDC-42A3-9474-1A3956D46DE8}") = "RJCP.Diagnostics.CpuId", "RJCP.Diagnostics.CpuId", "{C6627E8B-4D97-4493-930C-CFD5907CD366}"
EndProject
Project("{9A19103F-16F7-4668-BE54-9A1E7A4F7556}") = "RJCP.Diagnostics.CpuId", "framework\cpuid\CpuId\RJCP.Diagnostics.CpuId.csproj", "{D8385064-9DEC-4C0C-8EA2-65A01133A78C}"
EndProject
Project("{9A19103F-16F7-4668-BE54-9A1E7A4F7556}") = "RJCP.Diagnostics.CpuIdTest", "framework\cpuid\CpuIdTest\RJCP.Diagnostics.CpuIdTest.csproj", "{F2E25879-618C-4EDE-98B2-26F5B67207D5}"
EndProject
Project("{2150E333-8FDC-42A3-9474-1A3956D46DE8}") = "Tools", "Tools", "{B8A5D19A-8996-459A-8533-51EE325E421D}"
EndProject
Project("{9A19103F-16F7-4668-BE54-9A1E7A4F7556}") = "CpuIdCon", "framework\cpuid\CpuIdCon\CpuIdCon.csproj", "{43C8CA70-62C9-4222-9812-24FFD9C69212}"
EndProject
Project("{2150E333-8FDC-42A3-9474-1A3956D46DE8}") = "RJCP.Diagnostics.CrashReporter", "RJCP.Diagnostics.CrashReporter", "{FAFA3CB6-6FBF-4B43-8272-1B5AFB2B5AF5}"
EndProject
Project("{9A19103F-16F7-4668-BE54-9A1E7A4F7556}") = "RJCP.Diagnostics.CrashReporter", "framework\crashreporter\CrashReporter\RJCP.Diagnostics.CrashReporter.csproj", "{DCB8D91A-FB5B-43E1-93F4-B00F4BBB9612}"
EndProject
Project("{9A19103F-16F7-4668-BE54-9A1E7A4F7556}") = "RJCP.Diagnostics.CrashReporterTest", "framework\crashreporter\CrashReporterTest\RJCP.Diagnostics.CrashReporterTest.csproj", "{E73BE6AA-19BF-402E-AD44-05B1A50CF09C}"
EndProject
Project("{2150E333-8FDC-42A3-9474-1A3956D46DE8}") = "Tools", "Tools", "{DADEA32C-D32B-4CDA-8611-1EEEAECF1E29}"
EndProject
Project("{9A19103F-16F7-4668-BE54-9A1E7A4F7556}") = "CrashReportApp", "framework\crashreporter\CrashReportApp\CrashReportApp.csproj", "{502DB921-8BFC-4992-B6A1-DAF6597D98EE}"
EndProject
Project("{9A19103F-16F7-4668-BE54-9A1E7A4F7556}") = "RJCP.CodeQualityTest.NUnit2", "framework\nunitextensions\CodeQualityTest.NUnit2\RJCP.CodeQualityTest.NUnit2.csproj", "{44E95268-C42B-47D3-B69D-BD52C1223BD8}"
EndProject
Project("{2150E333-8FDC-42A3-9474-1A3956D46DE8}") = "RJCP.Diagnostics.Trace", "RJCP.Diagnostics.Trace", "{BD90C337-B8B3-4E7E-840F-DAEC8F614777}"
EndProject
Project("{9A19103F-16F7-4668-BE54-9A1E7A4F7556}") = "RJCP.Diagnostics.Trace", "framework\trace\Trace\RJCP.Diagnostics.Trace.csproj", "{E5936B48-838F-4CB2-A385-8258CD11FBFB}"
EndProject
Project("{9A19103F-16F7-4668-BE54-9A1E7A4F7556}") = "RJCP.Diagnostics.TraceTest", "framework\trace\TraceTest\RJCP.Diagnostics.TraceTest.csproj", "{BCF5CA1D-2012-48BD-ADD7-8F0CB84C55C2}"
EndProject
Project("{2150E333-8FDC-42A3-9474-1A3956D46DE8}") = "RJCP.Core.Environment", "RJCP.Core.Environment", "{68DDC9AC-7D5C-4373-B680-2332E07EAD4C}"
EndProject
Project("{9A19103F-16F7-4668-BE54-9A1E7A4F7556}") = "RJCP.Environment", "framework\environment\Environment\RJCP.Environment.csproj", "{FF9A24BE-8AC4-44DB-8451-FF9A58A2A6C3}"
EndProject
Project("{9A19103F-16F7-4668-BE54-9A1E7A4F7556}") = "RJCP.EnvironmentTest", "framework\environment\EnvironmentTest\RJCP.EnvironmentTest.csproj", "{4C72F6CC-AE8B-4B2A-AD60-6AE092BB5813}"
EndProject
Project("{2150E333-8FDC-42A3-9474-1A3956D46DE8}") = "Tools", "Tools", "{88B25B35-7F4F-4634-90FF-B6942495B4E9}"
EndProject
Project("{9A19103F-16F7-4668-BE54-9A1E7A4F7556}") = "WinVersion", "framework\environment\WinVersion\WinVersion.csproj", "{E34242C3-DD7D-4B02-AFB4-71E477AA29DA}"
EndProject
Project("{9A19103F-16F7-4668-BE54-9A1E7A4F7556}") = "NetVersion", "framework\environment\NetVersion\NetVersion.csproj", "{148B94F3-CAA2-4025-AD5B-F053D41EF5BE}"
EndProject
Project("{2150E333-8FDC-42A3-9474-1A3956D46DE8}") = "RJCP.IO.Buffer", "RJCP.IO.Buffer", "{DB46FD90-0100-4577-B66B-839E6E2FEF9F}"
EndProject
Project("{9A19103F-16F7-4668-BE54-9A1E7A4F7556}") = "RJCP.IO.Buffer", "framework\bufferio\BufferIO\RJCP.IO.Buffer.csproj", "{5BF93A55-F58E-41F0-9BE1-0418EFC29149}"
EndProject
Project("{9A19103F-16F7-4668-BE54-9A1E7A4F7556}") = "RJCP.IO.BufferTest", "framework\bufferio\BufferIOTest\RJCP.IO.BufferTest.csproj", "{5B6CDBCB-E5CA-47CD-9974-B32E815615BF}"
EndProject
Project("{2150E333-8FDC-42A3-9474-1A3956D46DE8}") = "RJCP.IO.Ports", "RJCP.IO.Ports", "{CD6B212E-FCF1-4A9C-BEF6-5667C0F27B73}"
EndProject
Project("{9A19103F-16F7-4668-BE54-9A1E7A4F7556}") = "SerialPortStream", "framework\serialportstream\code\SerialPortStream.csproj", "{9A728619-C9B1-4617-ADE9-FD3AA6985F5D}"
EndProject
Project("{9A19103F-16F7-4668-BE54-9A1E7A4F7556}") = "SerialPortStreamTest", "framework\serialportstream\test\SerialPortStreamTest\SerialPortStreamTest.csproj", "{9889E5F6-148B-4BF7-93CF-F5260E44EDBC}"
EndProject
Project("{9A19103F-16F7-4668-BE54-9A1E7A4F7556}") = "SerialPortStream.Virtual", "framework\serialportstream\test\SerialPortStream.Virtual\SerialPortStream.Virtual.csproj", "{C1D9E7B1-A527-4705-99D7-5F8F54AF59B8}"
EndProject
Project("{9A19103F-16F7-4668-BE54-9A1E7A4F7556}") = "SerialPortStream.VirtualTest", "framework\serialportstream\test\SerialPortStream.VirtualTest\SerialPortStream.VirtualTest.csproj", "{6C987158-5ED4-4B78-A9B1-D87C68FFA5D3}"
EndProject
Project("{9A19103F-16F7-4668-BE54-9A1E7A4F7556}") = "BufferBytesTest", "framework\serialportstream\test\BufferBytesTest\BufferBytesTest.csproj", "{32B0F0FD-BA91-47F8-A7C9-3BBE19112CFB}"
EndProject
Project("{2150E333-8FDC-42A3-9474-1A3956D46DE8}") = "IntegrationTest", "IntegrationTest", "{E3C4B81C-2815-4B59-9006-0B66CC2F952A}"
EndProject
Project("{2150E333-8FDC-42A3-9474-1A3956D46DE8}") = "RJCP.IO.Path", "RJCP.IO.Path", "{870B9EAE-7B97-4327-9FED-8B71B2A3723F}"
EndProject
Project("{9A19103F-16F7-4668-BE54-9A1E7A4F7556}") = "RJCP.IO.Path", "framework\path\code\RJCP.IO.Path.csproj", "{489F5360-CDC2-41F2-86C2-12638DDD6D5A}"
EndProject
Project("{9A19103F-16F7-4668-BE54-9A1E7A4F7556}") = "RJCP.IO.PathTest", "framework\path\test\PathTest\RJCP.IO.PathTest.csproj", "{83CC1AEC-9DF7-4834-AA2A-D6692E402F16}"
EndProject
Project("{9A19103F-16F7-4668-BE54-9A1E7A4F7556}") = "RJCP.IO.PathBenchmark", "framework\path\test\PathBenchmark\RJCP.IO.PathBenchmark.csproj", "{4D037BBE-6C7D-455D-9024-81B74DF5258F}"
EndProject
Project("{2150E333-8FDC-42A3-9474-1A3956D46DE8}") = "RJCP.Diagnostics.Log", "RJCP.Diagnostics.Log", "{2C468A6B-04E9-4CAE-9B6F-BE0A72B80CB4}"
EndProject
Project("{2150E333-8FDC-42A3-9474-1A3956D46DE8}") = "TraceReader.Core", "TraceReader.Core", "{5102A9C8-2902-4C7F-A52F-F33CE527B2D1}"
EndProject
Project("{9A19103F-16F7-4668-BE54-9A1E7A4F7556}") = "RJCP.Diagnostics.Log", "framework\log\TraceReader.Core\TraceReader\RJCP.Diagnostics.Log.csproj", "{E3BB60D4-E0E5-42CF-BD2A-12F135C4C866}"
EndProject
Project("{9A19103F-16F7-4668-BE54-9A1E7A4F7556}") = "RJCP.Diagnostics.LogTest", "framework\log\TraceReader.Core\TraceReaderTest\RJCP.Diagnostics.LogTest.csproj", "{F6306F29-4BDA-40C5-A0A9-98D30A3DB1AF}"
EndProject
Global
	GlobalSection(SolutionConfigurationPlatforms) = preSolution
		Debug|Any CPU = Debug|Any CPU
		Release|Any CPU = Release|Any CPU
	EndGlobalSection
	GlobalSection(ProjectConfigurationPlatforms) = postSolution
		{845F5157-F3B9-49A5-BA8A-67FEC53CB3EE}.Debug|Any CPU.ActiveCfg = Debug|Any CPU
		{845F5157-F3B9-49A5-BA8A-67FEC53CB3EE}.Debug|Any CPU.Build.0 = Debug|Any CPU
		{845F5157-F3B9-49A5-BA8A-67FEC53CB3EE}.Release|Any CPU.ActiveCfg = Release|Any CPU
		{845F5157-F3B9-49A5-BA8A-67FEC53CB3EE}.Release|Any CPU.Build.0 = Release|Any CPU
		{9BF5B407-1012-4787-BAF6-D5689FC7EACE}.Debug|Any CPU.ActiveCfg = Debug|Any CPU
		{9BF5B407-1012-4787-BAF6-D5689FC7EACE}.Debug|Any CPU.Build.0 = Debug|Any CPU
		{9BF5B407-1012-4787-BAF6-D5689FC7EACE}.Release|Any CPU.ActiveCfg = Release|Any CPU
		{9BF5B407-1012-4787-BAF6-D5689FC7EACE}.Release|Any CPU.Build.0 = Release|Any CPU
		{CDA4DCF9-D0F1-4445-AC04-8B14736BD3ED}.Debug|Any CPU.ActiveCfg = Debug|Any CPU
		{CDA4DCF9-D0F1-4445-AC04-8B14736BD3ED}.Debug|Any CPU.Build.0 = Debug|Any CPU
		{CDA4DCF9-D0F1-4445-AC04-8B14736BD3ED}.Release|Any CPU.ActiveCfg = Release|Any CPU
		{CDA4DCF9-D0F1-4445-AC04-8B14736BD3ED}.Release|Any CPU.Build.0 = Release|Any CPU
		{650D4E57-7581-4DC4-8C41-43C10FDCED09}.Debug|Any CPU.ActiveCfg = Debug|Any CPU
		{650D4E57-7581-4DC4-8C41-43C10FDCED09}.Debug|Any CPU.Build.0 = Debug|Any CPU
		{650D4E57-7581-4DC4-8C41-43C10FDCED09}.Release|Any CPU.ActiveCfg = Release|Any CPU
		{650D4E57-7581-4DC4-8C41-43C10FDCED09}.Release|Any CPU.Build.0 = Release|Any CPU
		{DF685E7C-56CB-4E3E-AC2A-E3975C7735FD}.Debug|Any CPU.ActiveCfg = Debug|Any CPU
		{DF685E7C-56CB-4E3E-AC2A-E3975C7735FD}.Debug|Any CPU.Build.0 = Debug|Any CPU
		{DF685E7C-56CB-4E3E-AC2A-E3975C7735FD}.Release|Any CPU.ActiveCfg = Release|Any CPU
		{DF685E7C-56CB-4E3E-AC2A-E3975C7735FD}.Release|Any CPU.Build.0 = Release|Any CPU
		{2EF7D41D-4AB5-458A-BB1E-838BEBD04ABB}.Debug|Any CPU.ActiveCfg = Debug|Any CPU
		{2EF7D41D-4AB5-458A-BB1E-838BEBD04ABB}.Debug|Any CPU.Build.0 = Debug|Any CPU
		{2EF7D41D-4AB5-458A-BB1E-838BEBD04ABB}.Release|Any CPU.ActiveCfg = Release|Any CPU
		{2EF7D41D-4AB5-458A-BB1E-838BEBD04ABB}.Release|Any CPU.Build.0 = Release|Any CPU
		{D36B49A5-2001-4AD1-BE42-D93779F8236E}.Debug|Any CPU.ActiveCfg = Debug|Any CPU
		{D36B49A5-2001-4AD1-BE42-D93779F8236E}.Debug|Any CPU.Build.0 = Debug|Any CPU
		{D36B49A5-2001-4AD1-BE42-D93779F8236E}.Release|Any CPU.ActiveCfg = Release|Any CPU
		{D36B49A5-2001-4AD1-BE42-D93779F8236E}.Release|Any CPU.Build.0 = Release|Any CPU
		{AB0B40B6-46E1-41C8-BC40-B2F31D3F4238}.Debug|Any CPU.ActiveCfg = Debug|Any CPU
		{AB0B40B6-46E1-41C8-BC40-B2F31D3F4238}.Debug|Any CPU.Build.0 = Debug|Any CPU
		{AB0B40B6-46E1-41C8-BC40-B2F31D3F4238}.Release|Any CPU.ActiveCfg = Release|Any CPU
		{AB0B40B6-46E1-41C8-BC40-B2F31D3F4238}.Release|Any CPU.Build.0 = Release|Any CPU
		{E2D9F347-D53C-4CFA-A95F-2C15999CC248}.Debug|Any CPU.ActiveCfg = Debug|Any CPU
		{E2D9F347-D53C-4CFA-A95F-2C15999CC248}.Debug|Any CPU.Build.0 = Debug|Any CPU
		{E2D9F347-D53C-4CFA-A95F-2C15999CC248}.Release|Any CPU.ActiveCfg = Release|Any CPU
		{E2D9F347-D53C-4CFA-A95F-2C15999CC248}.Release|Any CPU.Build.0 = Release|Any CPU
		{D5A276DD-081B-4D83-9B9E-DDE1EA9D5A83}.Debug|Any CPU.ActiveCfg = Debug|Any CPU
		{D5A276DD-081B-4D83-9B9E-DDE1EA9D5A83}.Debug|Any CPU.Build.0 = Debug|Any CPU
		{D5A276DD-081B-4D83-9B9E-DDE1EA9D5A83}.Release|Any CPU.ActiveCfg = Release|Any CPU
		{D5A276DD-081B-4D83-9B9E-DDE1EA9D5A83}.Release|Any CPU.Build.0 = Release|Any CPU
		{ACEB6883-F726-4993-8C29-00F91339DDD8}.Debug|Any CPU.ActiveCfg = Debug|Any CPU
		{ACEB6883-F726-4993-8C29-00F91339DDD8}.Debug|Any CPU.Build.0 = Debug|Any CPU
		{ACEB6883-F726-4993-8C29-00F91339DDD8}.Release|Any CPU.ActiveCfg = Release|Any CPU
		{ACEB6883-F726-4993-8C29-00F91339DDD8}.Release|Any CPU.Build.0 = Release|Any CPU
		{CFF448F8-9F96-47C4-BFC7-50AC2D886432}.Debug|Any CPU.ActiveCfg = Debug|Any CPU
		{CFF448F8-9F96-47C4-BFC7-50AC2D886432}.Debug|Any CPU.Build.0 = Debug|Any CPU
		{CFF448F8-9F96-47C4-BFC7-50AC2D886432}.Release|Any CPU.ActiveCfg = Release|Any CPU
		{CFF448F8-9F96-47C4-BFC7-50AC2D886432}.Release|Any CPU.Build.0 = Release|Any CPU
		{83E981D9-D9D8-4E5E-87E1-E0453EA0A63E}.Debug|Any CPU.ActiveCfg = Debug|Any CPU
		{83E981D9-D9D8-4E5E-87E1-E0453EA0A63E}.Debug|Any CPU.Build.0 = Debug|Any CPU
		{83E981D9-D9D8-4E5E-87E1-E0453EA0A63E}.Release|Any CPU.ActiveCfg = Release|Any CPU
		{83E981D9-D9D8-4E5E-87E1-E0453EA0A63E}.Release|Any CPU.Build.0 = Release|Any CPU
		{D8385064-9DEC-4C0C-8EA2-65A01133A78C}.Debug|Any CPU.ActiveCfg = Debug|Any CPU
		{D8385064-9DEC-4C0C-8EA2-65A01133A78C}.Debug|Any CPU.Build.0 = Debug|Any CPU
		{D8385064-9DEC-4C0C-8EA2-65A01133A78C}.Release|Any CPU.ActiveCfg = Release|Any CPU
		{D8385064-9DEC-4C0C-8EA2-65A01133A78C}.Release|Any CPU.Build.0 = Release|Any CPU
		{F2E25879-618C-4EDE-98B2-26F5B67207D5}.Debug|Any CPU.ActiveCfg = Debug|Any CPU
		{F2E25879-618C-4EDE-98B2-26F5B67207D5}.Debug|Any CPU.Build.0 = Debug|Any CPU
		{F2E25879-618C-4EDE-98B2-26F5B67207D5}.Release|Any CPU.ActiveCfg = Release|Any CPU
		{F2E25879-618C-4EDE-98B2-26F5B67207D5}.Release|Any CPU.Build.0 = Release|Any CPU
		{43C8CA70-62C9-4222-9812-24FFD9C69212}.Debug|Any CPU.ActiveCfg = Debug|Any CPU
		{43C8CA70-62C9-4222-9812-24FFD9C69212}.Debug|Any CPU.Build.0 = Debug|Any CPU
		{43C8CA70-62C9-4222-9812-24FFD9C69212}.Release|Any CPU.ActiveCfg = Release|Any CPU
		{43C8CA70-62C9-4222-9812-24FFD9C69212}.Release|Any CPU.Build.0 = Release|Any CPU
		{DCB8D91A-FB5B-43E1-93F4-B00F4BBB9612}.Debug|Any CPU.ActiveCfg = Debug|Any CPU
		{DCB8D91A-FB5B-43E1-93F4-B00F4BBB9612}.Debug|Any CPU.Build.0 = Debug|Any CPU
		{DCB8D91A-FB5B-43E1-93F4-B00F4BBB9612}.Release|Any CPU.ActiveCfg = Release|Any CPU
		{DCB8D91A-FB5B-43E1-93F4-B00F4BBB9612}.Release|Any CPU.Build.0 = Release|Any CPU
		{E73BE6AA-19BF-402E-AD44-05B1A50CF09C}.Debug|Any CPU.ActiveCfg = Debug|Any CPU
		{E73BE6AA-19BF-402E-AD44-05B1A50CF09C}.Debug|Any CPU.Build.0 = Debug|Any CPU
		{E73BE6AA-19BF-402E-AD44-05B1A50CF09C}.Release|Any CPU.ActiveCfg = Release|Any CPU
		{E73BE6AA-19BF-402E-AD44-05B1A50CF09C}.Release|Any CPU.Build.0 = Release|Any CPU
		{502DB921-8BFC-4992-B6A1-DAF6597D98EE}.Debug|Any CPU.ActiveCfg = Debug|Any CPU
		{502DB921-8BFC-4992-B6A1-DAF6597D98EE}.Debug|Any CPU.Build.0 = Debug|Any CPU
		{502DB921-8BFC-4992-B6A1-DAF6597D98EE}.Release|Any CPU.ActiveCfg = Release|Any CPU
		{502DB921-8BFC-4992-B6A1-DAF6597D98EE}.Release|Any CPU.Build.0 = Release|Any CPU
		{44E95268-C42B-47D3-B69D-BD52C1223BD8}.Debug|Any CPU.ActiveCfg = Debug|Any CPU
		{44E95268-C42B-47D3-B69D-BD52C1223BD8}.Debug|Any CPU.Build.0 = Debug|Any CPU
		{44E95268-C42B-47D3-B69D-BD52C1223BD8}.Release|Any CPU.ActiveCfg = Release|Any CPU
		{44E95268-C42B-47D3-B69D-BD52C1223BD8}.Release|Any CPU.Build.0 = Release|Any CPU
		{E5936B48-838F-4CB2-A385-8258CD11FBFB}.Debug|Any CPU.ActiveCfg = Debug|Any CPU
		{E5936B48-838F-4CB2-A385-8258CD11FBFB}.Debug|Any CPU.Build.0 = Debug|Any CPU
		{E5936B48-838F-4CB2-A385-8258CD11FBFB}.Release|Any CPU.ActiveCfg = Release|Any CPU
		{E5936B48-838F-4CB2-A385-8258CD11FBFB}.Release|Any CPU.Build.0 = Release|Any CPU
		{BCF5CA1D-2012-48BD-ADD7-8F0CB84C55C2}.Debug|Any CPU.ActiveCfg = Debug|Any CPU
		{BCF5CA1D-2012-48BD-ADD7-8F0CB84C55C2}.Debug|Any CPU.Build.0 = Debug|Any CPU
		{BCF5CA1D-2012-48BD-ADD7-8F0CB84C55C2}.Release|Any CPU.ActiveCfg = Release|Any CPU
		{BCF5CA1D-2012-48BD-ADD7-8F0CB84C55C2}.Release|Any CPU.Build.0 = Release|Any CPU
		{FF9A24BE-8AC4-44DB-8451-FF9A58A2A6C3}.Debug|Any CPU.ActiveCfg = Debug|Any CPU
		{FF9A24BE-8AC4-44DB-8451-FF9A58A2A6C3}.Debug|Any CPU.Build.0 = Debug|Any CPU
		{FF9A24BE-8AC4-44DB-8451-FF9A58A2A6C3}.Release|Any CPU.ActiveCfg = Release|Any CPU
		{FF9A24BE-8AC4-44DB-8451-FF9A58A2A6C3}.Release|Any CPU.Build.0 = Release|Any CPU
		{4C72F6CC-AE8B-4B2A-AD60-6AE092BB5813}.Debug|Any CPU.ActiveCfg = Debug|Any CPU
		{4C72F6CC-AE8B-4B2A-AD60-6AE092BB5813}.Debug|Any CPU.Build.0 = Debug|Any CPU
		{4C72F6CC-AE8B-4B2A-AD60-6AE092BB5813}.Release|Any CPU.ActiveCfg = Release|Any CPU
		{4C72F6CC-AE8B-4B2A-AD60-6AE092BB5813}.Release|Any CPU.Build.0 = Release|Any CPU
		{E34242C3-DD7D-4B02-AFB4-71E477AA29DA}.Debug|Any CPU.ActiveCfg = Debug|Any CPU
		{E34242C3-DD7D-4B02-AFB4-71E477AA29DA}.Debug|Any CPU.Build.0 = Debug|Any CPU
		{E34242C3-DD7D-4B02-AFB4-71E477AA29DA}.Release|Any CPU.ActiveCfg = Release|Any CPU
		{E34242C3-DD7D-4B02-AFB4-71E477AA29DA}.Release|Any CPU.Build.0 = Release|Any CPU
		{148B94F3-CAA2-4025-AD5B-F053D41EF5BE}.Debug|Any CPU.ActiveCfg = Debug|Any CPU
		{148B94F3-CAA2-4025-AD5B-F053D41EF5BE}.Debug|Any CPU.Build.0 = Debug|Any CPU
		{148B94F3-CAA2-4025-AD5B-F053D41EF5BE}.Release|Any CPU.ActiveCfg = Release|Any CPU
		{148B94F3-CAA2-4025-AD5B-F053D41EF5BE}.Release|Any CPU.Build.0 = Release|Any CPU
		{5BF93A55-F58E-41F0-9BE1-0418EFC29149}.Debug|Any CPU.ActiveCfg = Debug|Any CPU
		{5BF93A55-F58E-41F0-9BE1-0418EFC29149}.Debug|Any CPU.Build.0 = Debug|Any CPU
		{5BF93A55-F58E-41F0-9BE1-0418EFC29149}.Release|Any CPU.ActiveCfg = Release|Any CPU
		{5BF93A55-F58E-41F0-9BE1-0418EFC29149}.Release|Any CPU.Build.0 = Release|Any CPU
		{5B6CDBCB-E5CA-47CD-9974-B32E815615BF}.Debug|Any CPU.ActiveCfg = Debug|Any CPU
		{5B6CDBCB-E5CA-47CD-9974-B32E815615BF}.Debug|Any CPU.Build.0 = Debug|Any CPU
		{5B6CDBCB-E5CA-47CD-9974-B32E815615BF}.Release|Any CPU.ActiveCfg = Release|Any CPU
		{5B6CDBCB-E5CA-47CD-9974-B32E815615BF}.Release|Any CPU.Build.0 = Release|Any CPU
		{9A728619-C9B1-4617-ADE9-FD3AA6985F5D}.Debug|Any CPU.ActiveCfg = Debug|Any CPU
		{9A728619-C9B1-4617-ADE9-FD3AA6985F5D}.Debug|Any CPU.Build.0 = Debug|Any CPU
		{9A728619-C9B1-4617-ADE9-FD3AA6985F5D}.Release|Any CPU.ActiveCfg = Release|Any CPU
		{9A728619-C9B1-4617-ADE9-FD3AA6985F5D}.Release|Any CPU.Build.0 = Release|Any CPU
		{9889E5F6-148B-4BF7-93CF-F5260E44EDBC}.Debug|Any CPU.ActiveCfg = Debug|Any CPU
		{9889E5F6-148B-4BF7-93CF-F5260E44EDBC}.Debug|Any CPU.Build.0 = Debug|Any CPU
		{9889E5F6-148B-4BF7-93CF-F5260E44EDBC}.Release|Any CPU.ActiveCfg = Release|Any CPU
		{9889E5F6-148B-4BF7-93CF-F5260E44EDBC}.Release|Any CPU.Build.0 = Release|Any CPU
		{C1D9E7B1-A527-4705-99D7-5F8F54AF59B8}.Debug|Any CPU.ActiveCfg = Debug|Any CPU
		{C1D9E7B1-A527-4705-99D7-5F8F54AF59B8}.Debug|Any CPU.Build.0 = Debug|Any CPU
		{C1D9E7B1-A527-4705-99D7-5F8F54AF59B8}.Release|Any CPU.ActiveCfg = Release|Any CPU
		{C1D9E7B1-A527-4705-99D7-5F8F54AF59B8}.Release|Any CPU.Build.0 = Release|Any CPU
		{6C987158-5ED4-4B78-A9B1-D87C68FFA5D3}.Debug|Any CPU.ActiveCfg = Debug|Any CPU
		{6C987158-5ED4-4B78-A9B1-D87C68FFA5D3}.Debug|Any CPU.Build.0 = Debug|Any CPU
		{6C987158-5ED4-4B78-A9B1-D87C68FFA5D3}.Release|Any CPU.ActiveCfg = Release|Any CPU
		{6C987158-5ED4-4B78-A9B1-D87C68FFA5D3}.Release|Any CPU.Build.0 = Release|Any CPU
		{32B0F0FD-BA91-47F8-A7C9-3BBE19112CFB}.Debug|Any CPU.ActiveCfg = Debug|Any CPU
		{32B0F0FD-BA91-47F8-A7C9-3BBE19112CFB}.Debug|Any CPU.Build.0 = Debug|Any CPU
		{32B0F0FD-BA91-47F8-A7C9-3BBE19112CFB}.Release|Any CPU.ActiveCfg = Release|Any CPU
		{32B0F0FD-BA91-47F8-A7C9-3BBE19112CFB}.Release|Any CPU.Build.0 = Release|Any CPU
		{489F5360-CDC2-41F2-86C2-12638DDD6D5A}.Debug|Any CPU.ActiveCfg = Debug|Any CPU
		{489F5360-CDC2-41F2-86C2-12638DDD6D5A}.Debug|Any CPU.Build.0 = Debug|Any CPU
		{489F5360-CDC2-41F2-86C2-12638DDD6D5A}.Release|Any CPU.ActiveCfg = Release|Any CPU
		{489F5360-CDC2-41F2-86C2-12638DDD6D5A}.Release|Any CPU.Build.0 = Release|Any CPU
		{83CC1AEC-9DF7-4834-AA2A-D6692E402F16}.Debug|Any CPU.ActiveCfg = Debug|Any CPU
		{83CC1AEC-9DF7-4834-AA2A-D6692E402F16}.Debug|Any CPU.Build.0 = Debug|Any CPU
		{83CC1AEC-9DF7-4834-AA2A-D6692E402F16}.Release|Any CPU.ActiveCfg = Release|Any CPU
		{83CC1AEC-9DF7-4834-AA2A-D6692E402F16}.Release|Any CPU.Build.0 = Release|Any CPU
		{4D037BBE-6C7D-455D-9024-81B74DF5258F}.Debug|Any CPU.ActiveCfg = Debug|Any CPU
		{4D037BBE-6C7D-455D-9024-81B74DF5258F}.Debug|Any CPU.Build.0 = Debug|Any CPU
		{4D037BBE-6C7D-455D-9024-81B74DF5258F}.Release|Any CPU.ActiveCfg = Release|Any CPU
		{4D037BBE-6C7D-455D-9024-81B74DF5258F}.Release|Any CPU.Build.0 = Release|Any CPU
		{E3BB60D4-E0E5-42CF-BD2A-12F135C4C866}.Debug|Any CPU.ActiveCfg = Debug|Any CPU
		{E3BB60D4-E0E5-42CF-BD2A-12F135C4C866}.Debug|Any CPU.Build.0 = Debug|Any CPU
		{E3BB60D4-E0E5-42CF-BD2A-12F135C4C866}.Release|Any CPU.ActiveCfg = Release|Any CPU
		{E3BB60D4-E0E5-42CF-BD2A-12F135C4C866}.Release|Any CPU.Build.0 = Release|Any CPU
		{F6306F29-4BDA-40C5-A0A9-98D30A3DB1AF}.Debug|Any CPU.ActiveCfg = Debug|Any CPU
		{F6306F29-4BDA-40C5-A0A9-98D30A3DB1AF}.Debug|Any CPU.Build.0 = Debug|Any CPU
		{F6306F29-4BDA-40C5-A0A9-98D30A3DB1AF}.Release|Any CPU.ActiveCfg = Release|Any CPU
		{F6306F29-4BDA-40C5-A0A9-98D30A3DB1AF}.Release|Any CPU.Build.0 = Release|Any CPU
	EndGlobalSection
	GlobalSection(SolutionProperties) = preSolution
		HideSolutionNode = FALSE
	EndGlobalSection
	GlobalSection(NestedProjects) = preSolution
		{4DA4C0A9-03F0-4B95-B363-DD0443FA41F0} = {CA4E6C8A-5D80-4E34-A3F6-22F25E539457}
		{845F5157-F3B9-49A5-BA8A-67FEC53CB3EE} = {4DA4C0A9-03F0-4B95-B363-DD0443FA41F0}
		{9BF5B407-1012-4787-BAF6-D5689FC7EACE} = {4DA4C0A9-03F0-4B95-B363-DD0443FA41F0}
		{8DE50B9A-8330-42BD-8319-B68FAF55393C} = {CA4E6C8A-5D80-4E34-A3F6-22F25E539457}
		{CDA4DCF9-D0F1-4445-AC04-8B14736BD3ED} = {8DE50B9A-8330-42BD-8319-B68FAF55393C}
		{650D4E57-7581-4DC4-8C41-43C10FDCED09} = {8DE50B9A-8330-42BD-8319-B68FAF55393C}
		{92DA0F07-A356-41B5-9417-34A5D06CC77E} = {CA4E6C8A-5D80-4E34-A3F6-22F25E539457}
		{DF685E7C-56CB-4E3E-AC2A-E3975C7735FD} = {92DA0F07-A356-41B5-9417-34A5D06CC77E}
		{2EF7D41D-4AB5-458A-BB1E-838BEBD04ABB} = {92DA0F07-A356-41B5-9417-34A5D06CC77E}
		{1C60E59E-AF61-4C72-BFA7-A46270A3A38D} = {CA4E6C8A-5D80-4E34-A3F6-22F25E539457}
		{D36B49A5-2001-4AD1-BE42-D93779F8236E} = {1C60E59E-AF61-4C72-BFA7-A46270A3A38D}
		{AB0B40B6-46E1-41C8-BC40-B2F31D3F4238} = {1C60E59E-AF61-4C72-BFA7-A46270A3A38D}
		{B4D49859-3640-4AE6-B628-FD63F8A0179E} = {CA4E6C8A-5D80-4E34-A3F6-22F25E539457}
		{E2D9F347-D53C-4CFA-A95F-2C15999CC248} = {B4D49859-3640-4AE6-B628-FD63F8A0179E}
		{D5A276DD-081B-4D83-9B9E-DDE1EA9D5A83} = {B4D49859-3640-4AE6-B628-FD63F8A0179E}
		{AF25FDA1-5A2B-4B33-935D-8A3EBCBB5377} = {B4D49859-3640-4AE6-B628-FD63F8A0179E}
		{ACEB6883-F726-4993-8C29-00F91339DDD8} = {AF25FDA1-5A2B-4B33-935D-8A3EBCBB5377}
		{FDCE3EDA-3618-4EE1-BFB0-2B12FF1D8914} = {CA4E6C8A-5D80-4E34-A3F6-22F25E539457}
		{CFF448F8-9F96-47C4-BFC7-50AC2D886432} = {FDCE3EDA-3618-4EE1-BFB0-2B12FF1D8914}
		{83E981D9-D9D8-4E5E-87E1-E0453EA0A63E} = {FDCE3EDA-3618-4EE1-BFB0-2B12FF1D8914}
		{C6627E8B-4D97-4493-930C-CFD5907CD366} = {CA4E6C8A-5D80-4E34-A3F6-22F25E539457}
		{D8385064-9DEC-4C0C-8EA2-65A01133A78C} = {C6627E8B-4D97-4493-930C-CFD5907CD366}
		{F2E25879-618C-4EDE-98B2-26F5B67207D5} = {C6627E8B-4D97-4493-930C-CFD5907CD366}
		{B8A5D19A-8996-459A-8533-51EE325E421D} = {C6627E8B-4D97-4493-930C-CFD5907CD366}
		{43C8CA70-62C9-4222-9812-24FFD9C69212} = {B8A5D19A-8996-459A-8533-51EE325E421D}
		{FAFA3CB6-6FBF-4B43-8272-1B5AFB2B5AF5} = {CA4E6C8A-5D80-4E34-A3F6-22F25E539457}
		{DCB8D91A-FB5B-43E1-93F4-B00F4BBB9612} = {FAFA3CB6-6FBF-4B43-8272-1B5AFB2B5AF5}
		{E73BE6AA-19BF-402E-AD44-05B1A50CF09C} = {FAFA3CB6-6FBF-4B43-8272-1B5AFB2B5AF5}
		{DADEA32C-D32B-4CDA-8611-1EEEAECF1E29} = {FAFA3CB6-6FBF-4B43-8272-1B5AFB2B5AF5}
		{502DB921-8BFC-4992-B6A1-DAF6597D98EE} = {DADEA32C-D32B-4CDA-8611-1EEEAECF1E29}
		{44E95268-C42B-47D3-B69D-BD52C1223BD8} = {4DA4C0A9-03F0-4B95-B363-DD0443FA41F0}
		{BD90C337-B8B3-4E7E-840F-DAEC8F614777} = {CA4E6C8A-5D80-4E34-A3F6-22F25E539457}
		{E5936B48-838F-4CB2-A385-8258CD11FBFB} = {BD90C337-B8B3-4E7E-840F-DAEC8F614777}
		{BCF5CA1D-2012-48BD-ADD7-8F0CB84C55C2} = {BD90C337-B8B3-4E7E-840F-DAEC8F614777}
		{68DDC9AC-7D5C-4373-B680-2332E07EAD4C} = {CA4E6C8A-5D80-4E34-A3F6-22F25E539457}
		{FF9A24BE-8AC4-44DB-8451-FF9A58A2A6C3} = {68DDC9AC-7D5C-4373-B680-2332E07EAD4C}
		{4C72F6CC-AE8B-4B2A-AD60-6AE092BB5813} = {68DDC9AC-7D5C-4373-B680-2332E07EAD4C}
		{88B25B35-7F4F-4634-90FF-B6942495B4E9} = {68DDC9AC-7D5C-4373-B680-2332E07EAD4C}
		{E34242C3-DD7D-4B02-AFB4-71E477AA29DA} = {88B25B35-7F4F-4634-90FF-B6942495B4E9}
		{148B94F3-CAA2-4025-AD5B-F053D41EF5BE} = {88B25B35-7F4F-4634-90FF-B6942495B4E9}
		{DB46FD90-0100-4577-B66B-839E6E2FEF9F} = {CA4E6C8A-5D80-4E34-A3F6-22F25E539457}
		{5BF93A55-F58E-41F0-9BE1-0418EFC29149} = {DB46FD90-0100-4577-B66B-839E6E2FEF9F}
		{5B6CDBCB-E5CA-47CD-9974-B32E815615BF} = {DB46FD90-0100-4577-B66B-839E6E2FEF9F}
		{CD6B212E-FCF1-4A9C-BEF6-5667C0F27B73} = {CA4E6C8A-5D80-4E34-A3F6-22F25E539457}
		{9A728619-C9B1-4617-ADE9-FD3AA6985F5D} = {CD6B212E-FCF1-4A9C-BEF6-5667C0F27B73}
		{9889E5F6-148B-4BF7-93CF-F5260E44EDBC} = {CD6B212E-FCF1-4A9C-BEF6-5667C0F27B73}
		{C1D9E7B1-A527-4705-99D7-5F8F54AF59B8} = {CD6B212E-FCF1-4A9C-BEF6-5667C0F27B73}
		{6C987158-5ED4-4B78-A9B1-D87C68FFA5D3} = {CD6B212E-FCF1-4A9C-BEF6-5667C0F27B73}
		{32B0F0FD-BA91-47F8-A7C9-3BBE19112CFB} = {E3C4B81C-2815-4B59-9006-0B66CC2F952A}
		{E3C4B81C-2815-4B59-9006-0B66CC2F952A} = {CD6B212E-FCF1-4A9C-BEF6-5667C0F27B73}
		{870B9EAE-7B97-4327-9FED-8B71B2A3723F} = {CA4E6C8A-5D80-4E34-A3F6-22F25E539457}
		{489F5360-CDC2-41F2-86C2-12638DDD6D5A} = {870B9EAE-7B97-4327-9FED-8B71B2A3723F}
		{83CC1AEC-9DF7-4834-AA2A-D6692E402F16} = {870B9EAE-7B97-4327-9FED-8B71B2A3723F}
		{4D037BBE-6C7D-455D-9024-81B74DF5258F} = {870B9EAE-7B97-4327-9FED-8B71B2A3723F}
		{2C468A6B-04E9-4CAE-9B6F-BE0A72B80CB4} = {CA4E6C8A-5D80-4E34-A3F6-22F25E539457}
		{5102A9C8-2902-4C7F-A52F-F33CE527B2D1} = {2C468A6B-04E9-4CAE-9B6F-BE0A72B80CB4}
		{E3BB60D4-E0E5-42CF-BD2A-12F135C4C866} = {5102A9C8-2902-4C7F-A52F-F33CE527B2D1}
		{F6306F29-4BDA-40C5-A0A9-98D30A3DB1AF} = {5102A9C8-2902-4C7F-A52F-F33CE527B2D1}
	EndGlobalSection
	GlobalSection(ExtensibilityGlobals) = postSolution
		SolutionGuid = {DF5AFD9F-E6EE-487F-9EF1-BE7B7540BA86}
	EndGlobalSection
EndGlobal
