
Microsoft Visual Studio Solution File, Format Version 12.00
# Visual Studio Version 16
VisualStudioVersion = 16.0.30523.141
MinimumVisualStudioVersion = 10.0.40219.1
Project("{2150E333-8FDC-42A3-9474-1A3956D46DE8}") = "Framework", "Framework", "{0B4EB065-2173-4AFD-A222-9B08BC322BAE}"
EndProject
Project("{2150E333-8FDC-42A3-9474-1A3956D46DE8}") = "RJCP.CodeQuality", "RJCP.CodeQuality", "{D7C1D890-BCEA-4F70-89BA-1267743FF212}"
EndProject
Project("{FAE04EC0-301F-11D3-BF4B-00C04F79EFBC}") = "RJCP.CodeQuality", "framework\nunitextensions\CodeQuality\RJCP.CodeQuality.csproj", "{A4D356F2-15AC-4FFE-B0C4-1D3D0973A124}"
EndProject
Project("{FAE04EC0-301F-11D3-BF4B-00C04F79EFBC}") = "RJCP.CodeQualityTest", "framework\nunitextensions\CodeQualityTest\RJCP.CodeQualityTest.csproj", "{948DE275-A5ED-468A-A39B-B4BFDE7E0697}"
EndProject
Project("{FAE04EC0-301F-11D3-BF4B-00C04F79EFBC}") = "RJCP.CodeQualityTest.NUnit3", "framework\nunitextensions\CodeQualityTest.NUnit3\RJCP.CodeQualityTest.NUnit3.csproj", "{F79F7D1B-5BDC-4C5C-B0D2-E9CCA8620D3A}"
EndProject
Project("{2150E333-8FDC-42A3-9474-1A3956D46DE8}") = "RJCP.CommandLine", "RJCP.CommandLine", "{24A5B1A4-9E36-458E-981F-EDAF5976F253}"
EndProject
Project("{FAE04EC0-301F-11D3-BF4B-00C04F79EFBC}") = "RJCP.Core.CommandLine", "framework\commandline\code\RJCP.Core.CommandLine.csproj", "{2D21A916-4F21-4AE2-8379-0919FA9BD32E}"
EndProject
Project("{FAE04EC0-301F-11D3-BF4B-00C04F79EFBC}") = "RJCP.Core.CommandLineTest", "framework\commandline\test\RJCP.Core.CommandLineTest.csproj", "{134AD9C0-87E2-49F9-BDA8-55183FFADA58}"
EndProject
Project("{2150E333-8FDC-42A3-9474-1A3956D46DE8}") = "RJCP.CrashReporter", "RJCP.CrashReporter", "{15ACE5A8-7B7F-45ED-99A5-2C308429F5AA}"
EndProject
Project("{FAE04EC0-301F-11D3-BF4B-00C04F79EFBC}") = "RJCP.CrashReporter-net40", "framework\crashreporter\CrashReporter\RJCP.CrashReporter-net40.csproj", "{807B678B-CCBD-40F5-BF8C-88862C80D44E}"
EndProject
Project("{2150E333-8FDC-42A3-9474-1A3956D46DE8}") = "RJCP.VolumeDeviceInfo", "RJCP.VolumeDeviceInfo", "{A03E6BEF-89D6-441A-AA8D-20F4F9F6BDD6}"
EndProject
Project("{FAE04EC0-301F-11D3-BF4B-00C04F79EFBC}") = "RJCP.IO.VolumeDeviceInfo", "framework\volumedevinfo\VolumeDeviceInfo\RJCP.IO.VolumeDeviceInfo.csproj", "{D967A527-4AAA-4543-9CC8-51CF89E35758}"
EndProject
Project("{FAE04EC0-301F-11D3-BF4B-00C04F79EFBC}") = "RJCP.IO.VolumeDeviceInfoTest", "framework\volumedevinfo\VolumeDeviceInfoTest\RJCP.IO.VolumeDeviceInfoTest.csproj", "{6A7E5C1A-7EA0-4175-BC13-0C16826B878B}"
EndProject
Project("{FAE04EC0-301F-11D3-BF4B-00C04F79EFBC}") = "VolumeInfo", "framework\volumedevinfo\VolumeInfo\VolumeInfo.csproj", "{BC805D36-7847-4A44-9B23-8C3C573F9099}"
EndProject
Project("{FAE04EC0-301F-11D3-BF4B-00C04F79EFBC}") = "RJCP.CrashReporterTest-net40", "framework\crashreporter\CrashReporterTest\RJCP.CrashReporterTest-net40.csproj", "{E66C6ADE-E82B-436B-80D8-4310107DD50B}"
EndProject
Project("{FAE04EC0-301F-11D3-BF4B-00C04F79EFBC}") = "CrashReportApp-net40", "framework\crashreporter\CrashReportApp\CrashReportApp-net40.csproj", "{93706C19-D30E-422D-8BCF-7AF81F4B1504}"
EndProject
Project("{2150E333-8FDC-42A3-9474-1A3956D46DE8}") = "RJCP.Text", "RJCP.Text", "{72484217-F801-4410-80B0-586118156782}"
EndProject
Project("{FAE04EC0-301F-11D3-BF4B-00C04F79EFBC}") = "RJCP.Text", "framework\textutils\code\RJCP.Text.csproj", "{F9D056A3-DB23-4E4B-9D3C-E08151472923}"
EndProject
Project("{FAE04EC0-301F-11D3-BF4B-00C04F79EFBC}") = "RJCP.TextTest", "framework\textutils\test\RJCP.TextTest.csproj", "{EB153A07-A8CB-4343-B235-984F4E23C23E}"
EndProject
Project("{2150E333-8FDC-42A3-9474-1A3956D46DE8}") = "RJCP.Xml", "RJCP.Xml", "{C54ABDBE-5352-4DC1-9561-50EC2783861C}"
EndProject
Project("{FAE04EC0-301F-11D3-BF4B-00C04F79EFBC}") = "RJCP.Core.Xml", "framework\xml\Xml\RJCP.Core.Xml.csproj", "{DCC494EC-25C4-466E-95FF-0DCBF92C95D5}"
EndProject
Project("{FAE04EC0-301F-11D3-BF4B-00C04F79EFBC}") = "RJCP.Core.XmlTest", "framework\xml\XmlTest\RJCP.Core.XmlTest.csproj", "{E809F803-FAF4-4660-A0A3-B0B8982A2479}"
EndProject
Project("{2150E333-8FDC-42A3-9474-1A3956D46DE8}") = "RJCP.Datastructures", "RJCP.Datastructures", "{F1AA922C-2DD8-4FF8-9F57-D9A5E438BF22}"
EndProject
Project("{FAE04EC0-301F-11D3-BF4B-00C04F79EFBC}") = "RJCP.Core.Datastructures", "framework\datastructures\Datastructures\RJCP.Core.Datastructures.csproj", "{BBB453B0-5024-4FF6-A323-7C2D711E4936}"
EndProject
Project("{FAE04EC0-301F-11D3-BF4B-00C04F79EFBC}") = "RJCP.Core.DatastructuresTest", "framework\datastructures\DatastructuresTest\RJCP.Core.DatastructuresTest.csproj", "{7D69A036-94DD-461B-9A11-ECA0B336EF84}"
EndProject
Global
	GlobalSection(SolutionConfigurationPlatforms) = preSolution
		Debug|Any CPU = Debug|Any CPU
		Release|Any CPU = Release|Any CPU
	EndGlobalSection
	GlobalSection(ProjectConfigurationPlatforms) = postSolution
		{A4D356F2-15AC-4FFE-B0C4-1D3D0973A124}.Debug|Any CPU.ActiveCfg = Debug|Any CPU
		{A4D356F2-15AC-4FFE-B0C4-1D3D0973A124}.Debug|Any CPU.Build.0 = Debug|Any CPU
		{A4D356F2-15AC-4FFE-B0C4-1D3D0973A124}.Release|Any CPU.ActiveCfg = Release|Any CPU
		{A4D356F2-15AC-4FFE-B0C4-1D3D0973A124}.Release|Any CPU.Build.0 = Release|Any CPU
		{948DE275-A5ED-468A-A39B-B4BFDE7E0697}.Debug|Any CPU.ActiveCfg = Debug|Any CPU
		{948DE275-A5ED-468A-A39B-B4BFDE7E0697}.Debug|Any CPU.Build.0 = Debug|Any CPU
		{948DE275-A5ED-468A-A39B-B4BFDE7E0697}.Release|Any CPU.ActiveCfg = Release|Any CPU
		{948DE275-A5ED-468A-A39B-B4BFDE7E0697}.Release|Any CPU.Build.0 = Release|Any CPU
		{F79F7D1B-5BDC-4C5C-B0D2-E9CCA8620D3A}.Debug|Any CPU.ActiveCfg = Debug|Any CPU
		{F79F7D1B-5BDC-4C5C-B0D2-E9CCA8620D3A}.Debug|Any CPU.Build.0 = Debug|Any CPU
		{F79F7D1B-5BDC-4C5C-B0D2-E9CCA8620D3A}.Release|Any CPU.ActiveCfg = Release|Any CPU
		{F79F7D1B-5BDC-4C5C-B0D2-E9CCA8620D3A}.Release|Any CPU.Build.0 = Release|Any CPU
		{2D21A916-4F21-4AE2-8379-0919FA9BD32E}.Debug|Any CPU.ActiveCfg = Debug|Any CPU
		{2D21A916-4F21-4AE2-8379-0919FA9BD32E}.Debug|Any CPU.Build.0 = Debug|Any CPU
		{2D21A916-4F21-4AE2-8379-0919FA9BD32E}.Release|Any CPU.ActiveCfg = Release|Any CPU
		{2D21A916-4F21-4AE2-8379-0919FA9BD32E}.Release|Any CPU.Build.0 = Release|Any CPU
		{134AD9C0-87E2-49F9-BDA8-55183FFADA58}.Debug|Any CPU.ActiveCfg = Debug|Any CPU
		{134AD9C0-87E2-49F9-BDA8-55183FFADA58}.Debug|Any CPU.Build.0 = Debug|Any CPU
		{134AD9C0-87E2-49F9-BDA8-55183FFADA58}.Release|Any CPU.ActiveCfg = Release|Any CPU
		{134AD9C0-87E2-49F9-BDA8-55183FFADA58}.Release|Any CPU.Build.0 = Release|Any CPU
		{807B678B-CCBD-40F5-BF8C-88862C80D44E}.Debug|Any CPU.ActiveCfg = Debug|Any CPU
		{807B678B-CCBD-40F5-BF8C-88862C80D44E}.Debug|Any CPU.Build.0 = Debug|Any CPU
		{807B678B-CCBD-40F5-BF8C-88862C80D44E}.Release|Any CPU.ActiveCfg = Release|Any CPU
		{807B678B-CCBD-40F5-BF8C-88862C80D44E}.Release|Any CPU.Build.0 = Release|Any CPU
		{D967A527-4AAA-4543-9CC8-51CF89E35758}.Debug|Any CPU.ActiveCfg = Debug|Any CPU
		{D967A527-4AAA-4543-9CC8-51CF89E35758}.Debug|Any CPU.Build.0 = Debug|Any CPU
		{D967A527-4AAA-4543-9CC8-51CF89E35758}.Release|Any CPU.ActiveCfg = Release|Any CPU
		{D967A527-4AAA-4543-9CC8-51CF89E35758}.Release|Any CPU.Build.0 = Release|Any CPU
		{6A7E5C1A-7EA0-4175-BC13-0C16826B878B}.Debug|Any CPU.ActiveCfg = Debug|Any CPU
		{6A7E5C1A-7EA0-4175-BC13-0C16826B878B}.Debug|Any CPU.Build.0 = Debug|Any CPU
		{6A7E5C1A-7EA0-4175-BC13-0C16826B878B}.Release|Any CPU.ActiveCfg = Release|Any CPU
		{6A7E5C1A-7EA0-4175-BC13-0C16826B878B}.Release|Any CPU.Build.0 = Release|Any CPU
		{BC805D36-7847-4A44-9B23-8C3C573F9099}.Debug|Any CPU.ActiveCfg = Debug|Any CPU
		{BC805D36-7847-4A44-9B23-8C3C573F9099}.Debug|Any CPU.Build.0 = Debug|Any CPU
		{BC805D36-7847-4A44-9B23-8C3C573F9099}.Release|Any CPU.ActiveCfg = Release|Any CPU
		{BC805D36-7847-4A44-9B23-8C3C573F9099}.Release|Any CPU.Build.0 = Release|Any CPU
		{E66C6ADE-E82B-436B-80D8-4310107DD50B}.Debug|Any CPU.ActiveCfg = Debug|Any CPU
		{E66C6ADE-E82B-436B-80D8-4310107DD50B}.Debug|Any CPU.Build.0 = Debug|Any CPU
		{E66C6ADE-E82B-436B-80D8-4310107DD50B}.Release|Any CPU.ActiveCfg = Release|Any CPU
		{E66C6ADE-E82B-436B-80D8-4310107DD50B}.Release|Any CPU.Build.0 = Release|Any CPU
		{93706C19-D30E-422D-8BCF-7AF81F4B1504}.Debug|Any CPU.ActiveCfg = Debug|Any CPU
		{93706C19-D30E-422D-8BCF-7AF81F4B1504}.Debug|Any CPU.Build.0 = Debug|Any CPU
		{93706C19-D30E-422D-8BCF-7AF81F4B1504}.Release|Any CPU.ActiveCfg = Release|Any CPU
		{93706C19-D30E-422D-8BCF-7AF81F4B1504}.Release|Any CPU.Build.0 = Release|Any CPU
		{F9D056A3-DB23-4E4B-9D3C-E08151472923}.Debug|Any CPU.ActiveCfg = Debug|Any CPU
		{F9D056A3-DB23-4E4B-9D3C-E08151472923}.Debug|Any CPU.Build.0 = Debug|Any CPU
		{F9D056A3-DB23-4E4B-9D3C-E08151472923}.Release|Any CPU.ActiveCfg = Release|Any CPU
		{F9D056A3-DB23-4E4B-9D3C-E08151472923}.Release|Any CPU.Build.0 = Release|Any CPU
		{EB153A07-A8CB-4343-B235-984F4E23C23E}.Debug|Any CPU.ActiveCfg = Debug|Any CPU
		{EB153A07-A8CB-4343-B235-984F4E23C23E}.Debug|Any CPU.Build.0 = Debug|Any CPU
		{EB153A07-A8CB-4343-B235-984F4E23C23E}.Release|Any CPU.ActiveCfg = Release|Any CPU
		{EB153A07-A8CB-4343-B235-984F4E23C23E}.Release|Any CPU.Build.0 = Release|Any CPU
		{DCC494EC-25C4-466E-95FF-0DCBF92C95D5}.Debug|Any CPU.ActiveCfg = Debug|Any CPU
		{DCC494EC-25C4-466E-95FF-0DCBF92C95D5}.Debug|Any CPU.Build.0 = Debug|Any CPU
		{DCC494EC-25C4-466E-95FF-0DCBF92C95D5}.Release|Any CPU.ActiveCfg = Release|Any CPU
		{DCC494EC-25C4-466E-95FF-0DCBF92C95D5}.Release|Any CPU.Build.0 = Release|Any CPU
		{E809F803-FAF4-4660-A0A3-B0B8982A2479}.Debug|Any CPU.ActiveCfg = Debug|Any CPU
		{E809F803-FAF4-4660-A0A3-B0B8982A2479}.Debug|Any CPU.Build.0 = Debug|Any CPU
		{E809F803-FAF4-4660-A0A3-B0B8982A2479}.Release|Any CPU.ActiveCfg = Release|Any CPU
		{E809F803-FAF4-4660-A0A3-B0B8982A2479}.Release|Any CPU.Build.0 = Release|Any CPU
		{BBB453B0-5024-4FF6-A323-7C2D711E4936}.Debug|Any CPU.ActiveCfg = Debug|Any CPU
		{BBB453B0-5024-4FF6-A323-7C2D711E4936}.Debug|Any CPU.Build.0 = Debug|Any CPU
		{BBB453B0-5024-4FF6-A323-7C2D711E4936}.Release|Any CPU.ActiveCfg = Release|Any CPU
		{BBB453B0-5024-4FF6-A323-7C2D711E4936}.Release|Any CPU.Build.0 = Release|Any CPU
		{7D69A036-94DD-461B-9A11-ECA0B336EF84}.Debug|Any CPU.ActiveCfg = Debug|Any CPU
		{7D69A036-94DD-461B-9A11-ECA0B336EF84}.Debug|Any CPU.Build.0 = Debug|Any CPU
		{7D69A036-94DD-461B-9A11-ECA0B336EF84}.Release|Any CPU.ActiveCfg = Release|Any CPU
		{7D69A036-94DD-461B-9A11-ECA0B336EF84}.Release|Any CPU.Build.0 = Release|Any CPU
	EndGlobalSection
	GlobalSection(SolutionProperties) = preSolution
		HideSolutionNode = FALSE
	EndGlobalSection
	GlobalSection(NestedProjects) = preSolution
		{D7C1D890-BCEA-4F70-89BA-1267743FF212} = {0B4EB065-2173-4AFD-A222-9B08BC322BAE}
		{A4D356F2-15AC-4FFE-B0C4-1D3D0973A124} = {D7C1D890-BCEA-4F70-89BA-1267743FF212}
		{948DE275-A5ED-468A-A39B-B4BFDE7E0697} = {D7C1D890-BCEA-4F70-89BA-1267743FF212}
		{F79F7D1B-5BDC-4C5C-B0D2-E9CCA8620D3A} = {D7C1D890-BCEA-4F70-89BA-1267743FF212}
		{24A5B1A4-9E36-458E-981F-EDAF5976F253} = {0B4EB065-2173-4AFD-A222-9B08BC322BAE}
		{2D21A916-4F21-4AE2-8379-0919FA9BD32E} = {24A5B1A4-9E36-458E-981F-EDAF5976F253}
		{134AD9C0-87E2-49F9-BDA8-55183FFADA58} = {24A5B1A4-9E36-458E-981F-EDAF5976F253}
		{15ACE5A8-7B7F-45ED-99A5-2C308429F5AA} = {0B4EB065-2173-4AFD-A222-9B08BC322BAE}
		{807B678B-CCBD-40F5-BF8C-88862C80D44E} = {15ACE5A8-7B7F-45ED-99A5-2C308429F5AA}
		{A03E6BEF-89D6-441A-AA8D-20F4F9F6BDD6} = {0B4EB065-2173-4AFD-A222-9B08BC322BAE}
		{D967A527-4AAA-4543-9CC8-51CF89E35758} = {A03E6BEF-89D6-441A-AA8D-20F4F9F6BDD6}
		{6A7E5C1A-7EA0-4175-BC13-0C16826B878B} = {A03E6BEF-89D6-441A-AA8D-20F4F9F6BDD6}
		{BC805D36-7847-4A44-9B23-8C3C573F9099} = {A03E6BEF-89D6-441A-AA8D-20F4F9F6BDD6}
		{E66C6ADE-E82B-436B-80D8-4310107DD50B} = {15ACE5A8-7B7F-45ED-99A5-2C308429F5AA}
		{93706C19-D30E-422D-8BCF-7AF81F4B1504} = {15ACE5A8-7B7F-45ED-99A5-2C308429F5AA}
		{72484217-F801-4410-80B0-586118156782} = {0B4EB065-2173-4AFD-A222-9B08BC322BAE}
		{F9D056A3-DB23-4E4B-9D3C-E08151472923} = {72484217-F801-4410-80B0-586118156782}
		{EB153A07-A8CB-4343-B235-984F4E23C23E} = {72484217-F801-4410-80B0-586118156782}
		{C54ABDBE-5352-4DC1-9561-50EC2783861C} = {0B4EB065-2173-4AFD-A222-9B08BC322BAE}
		{DCC494EC-25C4-466E-95FF-0DCBF92C95D5} = {C54ABDBE-5352-4DC1-9561-50EC2783861C}
		{E809F803-FAF4-4660-A0A3-B0B8982A2479} = {C54ABDBE-5352-4DC1-9561-50EC2783861C}
		{F1AA922C-2DD8-4FF8-9F57-D9A5E438BF22} = {0B4EB065-2173-4AFD-A222-9B08BC322BAE}
		{BBB453B0-5024-4FF6-A323-7C2D711E4936} = {F1AA922C-2DD8-4FF8-9F57-D9A5E438BF22}
		{7D69A036-94DD-461B-9A11-ECA0B336EF84} = {F1AA922C-2DD8-4FF8-9F57-D9A5E438BF22}
	EndGlobalSection
	GlobalSection(ExtensibilityGlobals) = postSolution
		SolutionGuid = {898C1D50-87C0-4F19-B036-42CB47C56C3F}
	EndGlobalSection
EndGlobal
